
Microsoft Visual Studio Solution File, Format Version 12.00
# Visual Studio Version 17
VisualStudioVersion = 17.8.34525.116
MinimumVisualStudioVersion = 10.0.40219.1
Project("{FAE04EC0-301F-11D3-BF4B-00C04F79EFBC}") = "Calculator", "Calculator.csproj", "{B4DA3CB4-8981-47F6-8FB0-AECA4B172971}"
EndProject
Global
	GlobalSection(SolutionConfigurationPlatforms) = preSolution
		Debug|Any CPU = Debug|Any CPU
		Release|Any CPU = Release|Any CPU
	EndGlobalSection
	GlobalSection(ProjectConfigurationPlatforms) = postSolution
		{B4DA3CB4-8981-47F6-8FB0-AECA4B172971}.Debug|Any CPU.ActiveCfg = Debug|Any CPU
		{B4DA3CB4-8981-47F6-8FB0-AECA4B172971}.Debug|Any CPU.Build.0 = Debug|Any CPU
		{B4DA3CB4-8981-47F6-8FB0-AECA4B172971}.Release|Any CPU.ActiveCfg = Release|Any CPU
		{B4DA3CB4-8981-47F6-8FB0-AECA4B172971}.Release|Any CPU.Build.0 = Release|Any CPU
	EndGlobalSection
	GlobalSection(SolutionProperties) = preSolution
		HideSolutionNode = FALSE
	EndGlobalSection
	GlobalSection(ExtensibilityGlobals) = postSolution
		SolutionGuid = {E9AB7734-0A65-4DFA-B1D0-32F46338FF42}
	EndGlobalSection
EndGlobal
