
Microsoft Visual Studio Solution File, Format Version 12.00
# Visual Studio Version 17
VisualStudioVersion = 17.8.34525.116
MinimumVisualStudioVersion = 10.0.40219.1
Project("{FAE04EC0-301F-11D3-BF4B-00C04F79EFBC}") = "RestWithAsp-Net5Udemy_Linux", "RestWithAsp-Net5Udemy_Linux.csproj", "{35D65C88-C886-474B-B4CB-EAEA02E2F60E}"
EndProject
Global
	GlobalSection(SolutionConfigurationPlatforms) = preSolution
		Debug|Any CPU = Debug|Any CPU
		Release|Any CPU = Release|Any CPU
	EndGlobalSection
	GlobalSection(ProjectConfigurationPlatforms) = postSolution
		{35D65C88-C886-474B-B4CB-EAEA02E2F60E}.Debug|Any CPU.ActiveCfg = Debug|Any CPU
		{35D65C88-C886-474B-B4CB-EAEA02E2F60E}.Debug|Any CPU.Build.0 = Debug|Any CPU
		{35D65C88-C886-474B-B4CB-EAEA02E2F60E}.Release|Any CPU.ActiveCfg = Release|Any CPU
		{35D65C88-C886-474B-B4CB-EAEA02E2F60E}.Release|Any CPU.Build.0 = Release|Any CPU
	EndGlobalSection
	GlobalSection(SolutionProperties) = preSolution
		HideSolutionNode = FALSE
	EndGlobalSection
	GlobalSection(ExtensibilityGlobals) = postSolution
		SolutionGuid = {BE376022-A512-4370-B114-4456C36C007B}
	EndGlobalSection
EndGlobal
